
Microsoft Visual Studio Solution File, Format Version 12.00
# Visual Studio Version 16
VisualStudioVersion = 16.0.30114.105
MinimumVisualStudioVersion = 10.0.40219.1
Project("{2150E333-8FDC-42A3-9474-1A3956D46DE8}") = "src", "src", "{ADA6E8AD-B5B5-420D-A351-D3F62DF17C8D}"
EndProject
Project("{FAE04EC0-301F-11D3-BF4B-00C04F79EFBC}") = "KnittieApp", "src\KnittieApp\KnittieApp.csproj", "{35C3419A-6452-427A-90F5-BF26F2224A25}"
EndProject
Project("{2150E333-8FDC-42A3-9474-1A3956D46DE8}") = "tests", "tests", "{0F800B09-E210-4C78-987D-5BFDE3771DED}"
EndProject
Project("{FAE04EC0-301F-11D3-BF4B-00C04F79EFBC}") = "KnittieApp.Tests", "tests\KnittieApp.Tests\KnittieApp.Tests.csproj", "{4C88435C-A4F9-4605-A8A8-87A842399741}"
EndProject
Global
	GlobalSection(SolutionConfigurationPlatforms) = preSolution
		Debug|Any CPU = Debug|Any CPU
		Release|Any CPU = Release|Any CPU
	EndGlobalSection
	GlobalSection(SolutionProperties) = preSolution
		HideSolutionNode = FALSE
	EndGlobalSection
	GlobalSection(ProjectConfigurationPlatforms) = postSolution
		{35C3419A-6452-427A-90F5-BF26F2224A25}.Debug|Any CPU.ActiveCfg = Debug|Any CPU
		{35C3419A-6452-427A-90F5-BF26F2224A25}.Debug|Any CPU.Build.0 = Debug|Any CPU
		{35C3419A-6452-427A-90F5-BF26F2224A25}.Release|Any CPU.ActiveCfg = Release|Any CPU
		{35C3419A-6452-427A-90F5-BF26F2224A25}.Release|Any CPU.Build.0 = Release|Any CPU
		{4C88435C-A4F9-4605-A8A8-87A842399741}.Debug|Any CPU.ActiveCfg = Debug|Any CPU
		{4C88435C-A4F9-4605-A8A8-87A842399741}.Debug|Any CPU.Build.0 = Debug|Any CPU
		{4C88435C-A4F9-4605-A8A8-87A842399741}.Release|Any CPU.ActiveCfg = Release|Any CPU
		{4C88435C-A4F9-4605-A8A8-87A842399741}.Release|Any CPU.Build.0 = Release|Any CPU
	EndGlobalSection
	GlobalSection(NestedProjects) = preSolution
		{35C3419A-6452-427A-90F5-BF26F2224A25} = {ADA6E8AD-B5B5-420D-A351-D3F62DF17C8D}
		{4C88435C-A4F9-4605-A8A8-87A842399741} = {0F800B09-E210-4C78-987D-5BFDE3771DED}
	EndGlobalSection
EndGlobal
